
Microsoft Visual Studio Solution File, Format Version 12.00
# Visual Studio Version 17
VisualStudioVersion = 17.10.35027.167
MinimumVisualStudioVersion = 10.0.40219.1
Project("{9A19103F-16F7-4668-BE54-9A1E7A4F7556}") = "proyectoAsistencia", "proyectoAsistencia\proyectoAsistencia.csproj", "{A8539A6F-D224-47CE-866A-C79585108949}"
EndProject
Global
	GlobalSection(SolutionConfigurationPlatforms) = preSolution
		Debug|Any CPU = Debug|Any CPU
		Release|Any CPU = Release|Any CPU
	EndGlobalSection
	GlobalSection(ProjectConfigurationPlatforms) = postSolution
		{A8539A6F-D224-47CE-866A-C79585108949}.Debug|Any CPU.ActiveCfg = Debug|Any CPU
		{A8539A6F-D224-47CE-866A-C79585108949}.Debug|Any CPU.Build.0 = Debug|Any CPU
		{A8539A6F-D224-47CE-866A-C79585108949}.Release|Any CPU.ActiveCfg = Release|Any CPU
		{A8539A6F-D224-47CE-866A-C79585108949}.Release|Any CPU.Build.0 = Release|Any CPU
	EndGlobalSection
	GlobalSection(SolutionProperties) = preSolution
		HideSolutionNode = FALSE
	EndGlobalSection
	GlobalSection(ExtensibilityGlobals) = postSolution
		SolutionGuid = {C6413E59-377E-4B1F-8895-77BCEABFFCEF}
	EndGlobalSection
EndGlobal
